Microsoft Visual Studio Solution File, Format Version 12.00
# Visual Studio Version 17
VisualStudioVersion = 17.5.2.0
MinimumVisualStudioVersion = 10.0.40219.1
Project("{2150E333-8FDC-42A3-9474-1A3956D46DE8}") = "personal", "personal", "{8ECAC945-CCC4-8CED-4D3A-83F95DDF6D6C}"
EndProject
Project("{2150E333-8FDC-42A3-9474-1A3956D46DE8}") = "EdgeCopilotService", "EdgeCopilotService", "{F389A3D5-9298-77D3-1D4C-A614CEC1FA4B}"
EndProject
Project("{2150E333-8FDC-42A3-9474-1A3956D46DE8}") = "src", "src", "{192864C4-F97B-16DE-77B9-EF24BAC3DC41}"
EndProject
Project("{2150E333-8FDC-42A3-9474-1A3956D46DE8}") = "Common", "Common", "{DA440183-F241-7EB4-2D72-201CBF86E00E}"
EndProject
Project("{2150E333-8FDC-42A3-9474-1A3956D46DE8}") = "AISearch", "AISearch", "{A3F41986-87E2-B723-DF1F-55E9B1F3B81A}"
EndProject
Project("{FAE04EC0-301F-11D3-BF4B-00C04F79EFBC}") = "Common.AISearch", "personal\EdgeCopilotService\src\Common\AISearch\Common.AISearch.csproj", "{EFEFA76C-40FC-BD51-B67F-FFFF080FB121}"
EndProject
Project("{2150E333-8FDC-42A3-9474-1A3956D46DE8}") = "Kusto", "Kusto", "{AE834BA6-FAAF-955C-9508-69A71041E2B0}"
EndProject
Project("{FAE04EC0-301F-11D3-BF4B-00C04F79EFBC}") = "Common.Kusto", "personal\EdgeCopilotService\src\Common\Kusto\Common.Kusto.csproj", "{9E3C2A31-5B2D-C7DE-5A54-463AA6F7BDB3}"
EndProject
Project("{2150E333-8FDC-42A3-9474-1A3956D46DE8}") = "Models", "Models", "{129BD4BF-9C39-6C3F-6462-54EB5D55EB35}"
EndProject
Project("{FAE04EC0-301F-11D3-BF4B-00C04F79EFBC}") = "Common.Models", "personal\EdgeCopilotService\src\Common\Models\Common.Models.csproj", "{4CA74B1F-5C75-B5FD-FF11-67E81314F946}"
EndProject
Project("{2150E333-8FDC-42A3-9474-1A3956D46DE8}") = "Test", "Test", "{26359654-F5E8-29E4-EAEF-4195DC64E7B1}"
EndProject
Project("{FAE04EC0-301F-11D3-BF4B-00C04F79EFBC}") = "UnitTests", "personal\EdgeCopilotService\src\Test\UnitTests\UnitTests.csproj", "{FB9A4199-0DBF-7308-AB16-0659520BDC21}"
EndProject
Project("{2150E333-8FDC-42A3-9474-1A3956D46DE8}") = "AKS", "AKS", "{C51F453F-52D6-A100-C338-46E47C24FF1F}"
EndProject
Project("{FAE04EC0-301F-11D3-BF4B-00C04F79EFBC}") = "Infra", "personal\EdgeCopilotService\src\Common\AKS\Infra\Infra.csproj", "{83276543-1C66-323D-3EB6-B1744B45636C}"
EndProject
Project("{2150E333-8FDC-42A3-9474-1A3956D46DE8}") = "services", "services", "{798C4C47-B8E8-D836-B5DA-3DDE3642A74E}"
EndProject
Project("{2150E333-8FDC-42A3-9474-1A3956D46DE8}") = "azurelocal", "azurelocal", "{5944EEDA-64A0-2F27-9496-DD1FD7330960}"
EndProject
Project("{FAE04EC0-301F-11D3-BF4B-00C04F79EFBC}") = "EdgeCopilot.AzureLocal", "personal\EdgeCopilotService\src\services\azurelocal\EdgeCopilot.AzureLocal\EdgeCopilot.AzureLocal.csproj", "{FFDDF2EE-5D51-56F1-5F17-107768B234D8}"
EndProject
Project("{2150E333-8FDC-42A3-9474-1A3956D46DE8}") = "platform", "platform", "{BD452586-5FD8-AF73-EE27-8BE00238B9B8}"
EndProject
Project("{FAE04EC0-301F-11D3-BF4B-00C04F79EFBC}") = "EdgeCopilot.Platform", "personal\EdgeCopilotService\src\services\platform\EdgeCopilot.Platform\EdgeCopilot.Platform.csproj", "{351BC4B2-7886-B792-B204-4789C6F8CF1B}"
EndProject
Global
	GlobalSection(SolutionConfigurationPlatforms) = preSolution
		Debug|Any CPU = Debug|Any CPU
		Release|Any CPU = Release|Any CPU
	EndGlobalSection
	GlobalSection(ProjectConfigurationPlatforms) = postSolution
		{EFEFA76C-40FC-BD51-B67F-FFFF080FB121}.Debug|Any CPU.ActiveCfg = Debug|Any CPU
		{EFEFA76C-40FC-BD51-B67F-FFFF080FB121}.Debug|Any CPU.Build.0 = Debug|Any CPU
		{EFEFA76C-40FC-BD51-B67F-FFFF080FB121}.Release|Any CPU.ActiveCfg = Release|Any CPU
		{EFEFA76C-40FC-BD51-B67F-FFFF080FB121}.Release|Any CPU.Build.0 = Release|Any CPU
		{9E3C2A31-5B2D-C7DE-5A54-463AA6F7BDB3}.Debug|Any CPU.ActiveCfg = Debug|Any CPU
		{9E3C2A31-5B2D-C7DE-5A54-463AA6F7BDB3}.Debug|Any CPU.Build.0 = Debug|Any CPU
		{9E3C2A31-5B2D-C7DE-5A54-463AA6F7BDB3}.Release|Any CPU.ActiveCfg = Release|Any CPU
		{9E3C2A31-5B2D-C7DE-5A54-463AA6F7BDB3}.Release|Any CPU.Build.0 = Release|Any CPU
		{4CA74B1F-5C75-B5FD-FF11-67E81314F946}.Debug|Any CPU.ActiveCfg = Debug|Any CPU
		{4CA74B1F-5C75-B5FD-FF11-67E81314F946}.Debug|Any CPU.Build.0 = Debug|Any CPU
		{4CA74B1F-5C75-B5FD-FF11-67E81314F946}.Release|Any CPU.ActiveCfg = Release|Any CPU
		{4CA74B1F-5C75-B5FD-FF11-67E81314F946}.Release|Any CPU.Build.0 = Release|Any CPU
		{FB9A4199-0DBF-7308-AB16-0659520BDC21}.Debug|Any CPU.ActiveCfg = Debug|Any CPU
		{FB9A4199-0DBF-7308-AB16-0659520BDC21}.Debug|Any CPU.Build.0 = Debug|Any CPU
		{FB9A4199-0DBF-7308-AB16-0659520BDC21}.Release|Any CPU.ActiveCfg = Release|Any CPU
		{FB9A4199-0DBF-7308-AB16-0659520BDC21}.Release|Any CPU.Build.0 = Release|Any CPU
		{83276543-1C66-323D-3EB6-B1744B45636C}.Debug|Any CPU.ActiveCfg = Debug|Any CPU
		{83276543-1C66-323D-3EB6-B1744B45636C}.Debug|Any CPU.Build.0 = Debug|Any CPU
		{83276543-1C66-323D-3EB6-B1744B45636C}.Release|Any CPU.ActiveCfg = Release|Any CPU
		{83276543-1C66-323D-3EB6-B1744B45636C}.Release|Any CPU.Build.0 = Release|Any CPU
		{FFDDF2EE-5D51-56F1-5F17-107768B234D8}.Debug|Any CPU.ActiveCfg = Debug|Any CPU
		{FFDDF2EE-5D51-56F1-5F17-107768B234D8}.Debug|Any CPU.Build.0 = Debug|Any CPU
		{FFDDF2EE-5D51-56F1-5F17-107768B234D8}.Release|Any CPU.ActiveCfg = Release|Any CPU
		{FFDDF2EE-5D51-56F1-5F17-107768B234D8}.Release|Any CPU.Build.0 = Release|Any CPU
		{351BC4B2-7886-B792-B204-4789C6F8CF1B}.Debug|Any CPU.ActiveCfg = Debug|Any CPU
		{351BC4B2-7886-B792-B204-4789C6F8CF1B}.Debug|Any CPU.Build.0 = Debug|Any CPU
		{351BC4B2-7886-B792-B204-4789C6F8CF1B}.Release|Any CPU.ActiveCfg = Release|Any CPU
		{351BC4B2-7886-B792-B204-4789C6F8CF1B}.Release|Any CPU.Build.0 = Release|Any CPU
	EndGlobalSection
	GlobalSection(SolutionProperties) = preSolution
		HideSolutionNode = FALSE
	EndGlobalSection
	GlobalSection(NestedProjects) = preSolution
		{F389A3D5-9298-77D3-1D4C-A614CEC1FA4B} = {8ECAC945-CCC4-8CED-4D3A-83F95DDF6D6C}
		{192864C4-F97B-16DE-77B9-EF24BAC3DC41} = {F389A3D5-9298-77D3-1D4C-A614CEC1FA4B}
		{DA440183-F241-7EB4-2D72-201CBF86E00E} = {192864C4-F97B-16DE-77B9-EF24BAC3DC41}
		{A3F41986-87E2-B723-DF1F-55E9B1F3B81A} = {DA440183-F241-7EB4-2D72-201CBF86E00E}
		{EFEFA76C-40FC-BD51-B67F-FFFF080FB121} = {A3F41986-87E2-B723-DF1F-55E9B1F3B81A}
		{AE834BA6-FAAF-955C-9508-69A71041E2B0} = {DA440183-F241-7EB4-2D72-201CBF86E00E}
		{9E3C2A31-5B2D-C7DE-5A54-463AA6F7BDB3} = {AE834BA6-FAAF-955C-9508-69A71041E2B0}
		{129BD4BF-9C39-6C3F-6462-54EB5D55EB35} = {DA440183-F241-7EB4-2D72-201CBF86E00E}
		{4CA74B1F-5C75-B5FD-FF11-67E81314F946} = {129BD4BF-9C39-6C3F-6462-54EB5D55EB35}
		{26359654-F5E8-29E4-EAEF-4195DC64E7B1} = {192864C4-F97B-16DE-77B9-EF24BAC3DC41}
		{FB9A4199-0DBF-7308-AB16-0659520BDC21} = {26359654-F5E8-29E4-EAEF-4195DC64E7B1}
		{C51F453F-52D6-A100-C338-46E47C24FF1F} = {DA440183-F241-7EB4-2D72-201CBF86E00E}
		{83276543-1C66-323D-3EB6-B1744B45636C} = {C51F453F-52D6-A100-C338-46E47C24FF1F}
		{798C4C47-B8E8-D836-B5DA-3DDE3642A74E} = {192864C4-F97B-16DE-77B9-EF24BAC3DC41}
		{5944EEDA-64A0-2F27-9496-DD1FD7330960} = {798C4C47-B8E8-D836-B5DA-3DDE3642A74E}
		{FFDDF2EE-5D51-56F1-5F17-107768B234D8} = {5944EEDA-64A0-2F27-9496-DD1FD7330960}
		{BD452586-5FD8-AF73-EE27-8BE00238B9B8} = {798C4C47-B8E8-D836-B5DA-3DDE3642A74E}
		{351BC4B2-7886-B792-B204-4789C6F8CF1B} = {BD452586-5FD8-AF73-EE27-8BE00238B9B8}
	EndGlobalSection
	GlobalSection(ExtensibilityGlobals) = postSolution
		SolutionGuid = {7B13F7A2-ED40-4885-9C1C-CA0E06502E90}
	EndGlobalSection
EndGlobal
